
Microsoft Visual Studio Solution File, Format Version 12.00
# Visual Studio Version 17
VisualStudioVersion = 17.14.35906.104
MinimumVisualStudioVersion = 10.0.40219.1
Project("{FAE04EC0-301F-11D3-BF4B-00C04F79EFBC}") = "AsyncMediatorEvents.Cli", "AsyncMediatorEvents.Cli\AsyncMediatorEvents.Cli.csproj", "{2CDA85C6-CC0A-4CC7-9D27-4AEBE4A8A8A4}"
EndProject
Project("{FAE04EC0-301F-11D3-BF4B-00C04F79EFBC}") = "AsyncMediatorEvents.Application", "AsyncMediatorEvents.Application\AsyncMediatorEvents.Application.csproj", "{6E0F89AA-BCF1-42B4-9393-372DBFB928E5}"
EndProject
Project("{FAE04EC0-301F-11D3-BF4B-00C04F79EFBC}") = "AsyncMediatorEvents.WebApi", "AsyncMediatorEvents.WebApi\AsyncMediatorEvents.WebApi.csproj", "{54FDA350-733F-4C4A-B7E4-24D07504FBBD}"
EndProject
Project("{FAE04EC0-301F-11D3-BF4B-00C04F79EFBC}") = "AsyncMediatorEvents.WebApi.Presentation", "AsyncMediatorEvents.WebApi.Presentation\AsyncMediatorEvents.WebApi.Presentation.csproj", "{270FB960-A334-45B6-AED4-9F7B03523B15}"
EndProject
Project("{FAE04EC0-301F-11D3-BF4B-00C04F79EFBC}") = "AsyncMediatorEvents.Cli.Presentation", "AsyncMediatorEvents.Cli.Presentation\AsyncMediatorEvents.Cli.Presentation.csproj", "{7CFA3B28-537A-4A23-87D9-498B5EBBF4CD}"
EndProject
Project("{2150E333-8FDC-42A3-9474-1A3956D46DE8}") = "App.Console", "App.Console", "{186FD0EF-591E-4C71-9B50-D7EDC03D9887}"
EndProject
Project("{2150E333-8FDC-42A3-9474-1A3956D46DE8}") = "App.WebApi", "App.WebApi", "{8AE25B4A-9E5F-40D7-80A3-D6CDB6AAA304}"
EndProject
Global
	GlobalSection(SolutionConfigurationPlatforms) = preSolution
		Debug|Any CPU = Debug|Any CPU
		Release|Any CPU = Release|Any CPU
	EndGlobalSection
	GlobalSection(ProjectConfigurationPlatforms) = postSolution
		{2CDA85C6-CC0A-4CC7-9D27-4AEBE4A8A8A4}.Debug|Any CPU.ActiveCfg = Debug|Any CPU
		{2CDA85C6-CC0A-4CC7-9D27-4AEBE4A8A8A4}.Debug|Any CPU.Build.0 = Debug|Any CPU
		{2CDA85C6-CC0A-4CC7-9D27-4AEBE4A8A8A4}.Release|Any CPU.ActiveCfg = Release|Any CPU
		{2CDA85C6-CC0A-4CC7-9D27-4AEBE4A8A8A4}.Release|Any CPU.Build.0 = Release|Any CPU
		{6E0F89AA-BCF1-42B4-9393-372DBFB928E5}.Debug|Any CPU.ActiveCfg = Debug|Any CPU
		{6E0F89AA-BCF1-42B4-9393-372DBFB928E5}.Debug|Any CPU.Build.0 = Debug|Any CPU
		{6E0F89AA-BCF1-42B4-9393-372DBFB928E5}.Release|Any CPU.ActiveCfg = Release|Any CPU
		{6E0F89AA-BCF1-42B4-9393-372DBFB928E5}.Release|Any CPU.Build.0 = Release|Any CPU
		{54FDA350-733F-4C4A-B7E4-24D07504FBBD}.Debug|Any CPU.ActiveCfg = Debug|Any CPU
		{54FDA350-733F-4C4A-B7E4-24D07504FBBD}.Debug|Any CPU.Build.0 = Debug|Any CPU
		{54FDA350-733F-4C4A-B7E4-24D07504FBBD}.Release|Any CPU.ActiveCfg = Release|Any CPU
		{54FDA350-733F-4C4A-B7E4-24D07504FBBD}.Release|Any CPU.Build.0 = Release|Any CPU
		{270FB960-A334-45B6-AED4-9F7B03523B15}.Debug|Any CPU.ActiveCfg = Debug|Any CPU
		{270FB960-A334-45B6-AED4-9F7B03523B15}.Debug|Any CPU.Build.0 = Debug|Any CPU
		{270FB960-A334-45B6-AED4-9F7B03523B15}.Release|Any CPU.ActiveCfg = Release|Any CPU
		{270FB960-A334-45B6-AED4-9F7B03523B15}.Release|Any CPU.Build.0 = Release|Any CPU
		{7CFA3B28-537A-4A23-87D9-498B5EBBF4CD}.Debug|Any CPU.ActiveCfg = Debug|Any CPU
		{7CFA3B28-537A-4A23-87D9-498B5EBBF4CD}.Debug|Any CPU.Build.0 = Debug|Any CPU
		{7CFA3B28-537A-4A23-87D9-498B5EBBF4CD}.Release|Any CPU.ActiveCfg = Release|Any CPU
		{7CFA3B28-537A-4A23-87D9-498B5EBBF4CD}.Release|Any CPU.Build.0 = Release|Any CPU
	EndGlobalSection
	GlobalSection(SolutionProperties) = preSolution
		HideSolutionNode = FALSE
	EndGlobalSection
	GlobalSection(NestedProjects) = preSolution
		{2CDA85C6-CC0A-4CC7-9D27-4AEBE4A8A8A4} = {186FD0EF-591E-4C71-9B50-D7EDC03D9887}
		{54FDA350-733F-4C4A-B7E4-24D07504FBBD} = {8AE25B4A-9E5F-40D7-80A3-D6CDB6AAA304}
		{270FB960-A334-45B6-AED4-9F7B03523B15} = {8AE25B4A-9E5F-40D7-80A3-D6CDB6AAA304}
		{7CFA3B28-537A-4A23-87D9-498B5EBBF4CD} = {186FD0EF-591E-4C71-9B50-D7EDC03D9887}
	EndGlobalSection
	GlobalSection(ExtensibilityGlobals) = postSolution
		SolutionGuid = {EB22CA3A-3542-456B-8509-BE27625A6CC6}
	EndGlobalSection
EndGlobal
